
Microsoft Visual Studio Solution File, Format Version 12.00
# Visual Studio Version 16
VisualStudioVersion = 16.0.30413.136
MinimumVisualStudioVersion = 10.0.40219.1
Project("{FAE04EC0-301F-11D3-BF4B-00C04F79EFBC}") = "_FizzBuzz", "..\..\..\source\repos\Hw2\_FizzBuzz\_FizzBuzz.csproj", "{64AF8A0B-9475-4C0A-B41C-ACD82562D032}"
EndProject
Project("{FAE04EC0-301F-11D3-BF4B-00C04F79EFBC}") = "_GPA", "..\..\..\source\repos\Hw2\_GPA\_GPA.csproj", "{F5F60D35-2E1E-4258-8A7F-D1578E20E060}"
EndProject
Global
	GlobalSection(SolutionConfigurationPlatforms) = preSolution
		Debug|Any CPU = Debug|Any CPU
		Release|Any CPU = Release|Any CPU
	EndGlobalSection
	GlobalSection(ProjectConfigurationPlatforms) = postSolution
		{64AF8A0B-9475-4C0A-B41C-ACD82562D032}.Debug|Any CPU.ActiveCfg = Debug|Any CPU
		{64AF8A0B-9475-4C0A-B41C-ACD82562D032}.Debug|Any CPU.Build.0 = Debug|Any CPU
		{64AF8A0B-9475-4C0A-B41C-ACD82562D032}.Release|Any CPU.ActiveCfg = Release|Any CPU
		{64AF8A0B-9475-4C0A-B41C-ACD82562D032}.Release|Any CPU.Build.0 = Release|Any CPU
		{F5F60D35-2E1E-4258-8A7F-D1578E20E060}.Debug|Any CPU.ActiveCfg = Debug|Any CPU
		{F5F60D35-2E1E-4258-8A7F-D1578E20E060}.Debug|Any CPU.Build.0 = Debug|Any CPU
		{F5F60D35-2E1E-4258-8A7F-D1578E20E060}.Release|Any CPU.ActiveCfg = Release|Any CPU
		{F5F60D35-2E1E-4258-8A7F-D1578E20E060}.Release|Any CPU.Build.0 = Release|Any CPU
	EndGlobalSection
	GlobalSection(SolutionProperties) = preSolution
		HideSolutionNode = FALSE
	EndGlobalSection
	GlobalSection(ExtensibilityGlobals) = postSolution
		SolutionGuid = {81196220-8721-46E2-AD0F-C4C374BFBFD7}
	EndGlobalSection
EndGlobal
