
Microsoft Visual Studio Solution File, Format Version 12.00
# Visual Studio Version 16
VisualStudioVersion = 16.0.30413.136
MinimumVisualStudioVersion = 10.0.40219.1
Project("{FAE04EC0-301F-11D3-BF4B-00C04F79EFBC}") = "VowelsAndConsonants", "..\..\..\source\repos\Homework3\VowelsAndConsonants\VowelsAndConsonants.csproj", "{9A4A965A-C44D-4FF5-AE54-B7E43DD995B6}"
EndProject
Project("{FAE04EC0-301F-11D3-BF4B-00C04F79EFBC}") = "l337 converter", "..\..\..\source\repos\Homework3\l337 converter\l337 converter.csproj", "{D846ED5F-4511-445C-92F7-DBC61F948C04}"
EndProject
Global
	GlobalSection(SolutionConfigurationPlatforms) = preSolution
		Debug|Any CPU = Debug|Any CPU
		Release|Any CPU = Release|Any CPU
	EndGlobalSection
	GlobalSection(ProjectConfigurationPlatforms) = postSolution
		{9A4A965A-C44D-4FF5-AE54-B7E43DD995B6}.Debug|Any CPU.ActiveCfg = Debug|Any CPU
		{9A4A965A-C44D-4FF5-AE54-B7E43DD995B6}.Debug|Any CPU.Build.0 = Debug|Any CPU
		{9A4A965A-C44D-4FF5-AE54-B7E43DD995B6}.Release|Any CPU.ActiveCfg = Release|Any CPU
		{9A4A965A-C44D-4FF5-AE54-B7E43DD995B6}.Release|Any CPU.Build.0 = Release|Any CPU
		{D846ED5F-4511-445C-92F7-DBC61F948C04}.Debug|Any CPU.ActiveCfg = Debug|Any CPU
		{D846ED5F-4511-445C-92F7-DBC61F948C04}.Debug|Any CPU.Build.0 = Debug|Any CPU
		{D846ED5F-4511-445C-92F7-DBC61F948C04}.Release|Any CPU.ActiveCfg = Release|Any CPU
		{D846ED5F-4511-445C-92F7-DBC61F948C04}.Release|Any CPU.Build.0 = Release|Any CPU
	EndGlobalSection
	GlobalSection(SolutionProperties) = preSolution
		HideSolutionNode = FALSE
	EndGlobalSection
	GlobalSection(ExtensibilityGlobals) = postSolution
		SolutionGuid = {87F0B14A-622C-4E88-A375-F02BF8AD1045}
	EndGlobalSection
EndGlobal
